// !$*UTF8*$!
{
	archiveVersion = 1;
	classes = {
	};
	objectVersion = 46;
	objects = {

/* Begin PBXBuildFile section */
		A4765B23153C271300975400 /* UIKit.framework in Frameworks */ = {isa = PBXBuildFile; fileRef = A4765B22153C271300975400 /* UIKit.framework */; };
		A4765B25153C271300975400 /* Foundation.framework in Frameworks */ = {isa = PBXBuildFile; fileRef = A4765B24153C271300975400 /* Foundation.framework */; };
		A4765B27153C271300975400 /* CoreGraphics.framework in Frameworks */ = {isa = PBXBuildFile; fileRef = A4765B26153C271300975400 /* CoreGraphics.framework */; };
		A4765B2D153C271300975400 /* InfoPlist.strings in Resources */ = {isa = PBXBuildFile; fileRef = A4765B2B153C271300975400 /* InfoPlist.strings */; };
		A4765B2F153C271300975400 /* main.m in Sources */ = {isa = PBXBuildFile; fileRef = A4765B2E153C271300975400 /* main.m */; };
		A4765B33153C271300975400 /* AppDelegate.m in Sources */ = {isa = PBXBuildFile; fileRef = A4765B32153C271300975400 /* AppDelegate.m */; };
		A4765B4F153C27C200975400 /* FMResultSet.m in Sources */ = {isa = PBXBuildFile; fileRef = A4765B45153C27C200975400 /* FMResultSet.m */; };
		A4765B50153C27C200975400 /* FMDatabaseQueue.m in Sources */ = {isa = PBXBuildFile; fileRef = A4765B47153C27C200975400 /* FMDatabaseQueue.m */; };
		A4765B51153C27C200975400 /* FMDatabasePool.m in Sources */ = {isa = PBXBuildFile; fileRef = A4765B49153C27C200975400 /* FMDatabasePool.m */; };
		A4765B52153C27C200975400 /* FMDatabaseAdditions.m in Sources */ = {isa = PBXBuildFile; fileRef = A4765B4B153C27C200975400 /* FMDatabaseAdditions.m */; };
		A4765B53153C27C200975400 /* FMDatabase.m in Sources */ = {isa = PBXBuildFile; fileRef = A4765B4D153C27C200975400 /* FMDatabase.m */; };
		A4765B55153C281A00975400 /* libsqlite3.0.dylib in Frameworks */ = {isa = PBXBuildFile; fileRef = A4765B54153C281A00975400 /* libsqlite3.0.dylib */; };
		A4765B5B153C2B3500975400 /* icon.png in Resources */ = {isa = PBXBuildFile; fileRef = A4765B5A153C2B3500975400 /* icon.png */; };
		A4D80828153FF41F00B1BECD /* ShowDataviewController.m in Sources */ = {isa = PBXBuildFile; fileRef = A4D80827153FF41F00B1BECD /* ShowDataviewController.m */; };
		A4DF3703153EE8D90029FDE5 /* InsertViewController.m in Sources */ = {isa = PBXBuildFile; fileRef = A4DF3702153EE8D90029FDE5 /* InsertViewController.m */; };
		A4DF3707153EE8FC0029FDE5 /* UPdateViewController.m in Sources */ = {isa = PBXBuildFile; fileRef = A4DF3706153EE8FC0029FDE5 /* UPdateViewController.m */; };
		A4DF370A153EE9140029FDE5 /* DeleteViewController.m in Sources */ = {isa = PBXBuildFile; fileRef = A4DF3709153EE9140029FDE5 /* DeleteViewController.m */; };
/* End PBXBuildFile section */

/* Begin PBXFileReference section */
		A4765B1E153C271300975400 /* FMDB_Test.app */ = {isa = PBXFileReference; explicitFileType = wrapper.application; includeInIndex = 0; path = FMDB_Test.app; sourceTree = BUILT_PRODUCTS_DIR; };
		A4765B22153C271300975400 /* UIKit.framework */ = {isa = PBXFileReference; lastKnownFileType = wrapper.framework; name = UIKit.framework; path = System/Library/Frameworks/UIKit.framework; sourceTree = SDKROOT; };
		A4765B24153C271300975400 /* Foundation.framework */ = {isa = PBXFileReference; lastKnownFileType = wrapper.framework; name = Foundation.framework; path = System/Library/Frameworks/Foundation.framework; sourceTree = SDKROOT; };
		A4765B26153C271300975400 /* CoreGraphics.framework */ = {isa = PBXFileReference; lastKnownFileType = wrapper.framework; name = CoreGraphics.framework; path = System/Library/Frameworks/CoreGraphics.framework; sourceTree = SDKROOT; };
		A4765B2A153C271300975400 /* FMDB_Test-Info.plist */ = {isa = PBXFileReference; lastKnownFileType = text.plist.xml; path = "FMDB_Test-Info.plist"; sourceTree = "<group>"; };
		A4765B2C153C271300975400 /* en */ = {isa = PBXFileReference; lastKnownFileType = text.plist.strings; name = en; path = en.lproj/InfoPlist.strings; sourceTree = "<group>"; };
		A4765B2E153C271300975400 /* main.m */ = {isa = PBXFileReference; lastKnownFileType = sourcecode.c.objc; path = main.m; sourceTree = "<group>"; };
		A4765B30153C271300975400 /* FMDB_Test-Prefix.pch */ = {isa = PBXFileReference; lastKnownFileType = sourcecode.c.h; path = "FMDB_Test-Prefix.pch"; sourceTree = "<group>"; };
		A4765B31153C271300975400 /* AppDelegate.h */ = {isa = PBXFileReference; lastKnownFileType = sourcecode.c.h; path = AppDelegate.h; sourceTree = "<group>"; };
		A4765B32153C271300975400 /* AppDelegate.m */ = {isa = PBXFileReference; lastKnownFileType = sourcecode.c.objc; path = AppDelegate.m; sourceTree = "<group>"; };
		A4765B45153C27C200975400 /* FMResultSet.m */ = {isa = PBXFileReference; fileEncoding = 4; lastKnownFileType = sourcecode.c.objc; path = FMResultSet.m; sourceTree = "<group>"; };
		A4765B46153C27C200975400 /* FMResultSet.h */ = {isa = PBXFileReference; fileEncoding = 4; lastKnownFileType = sourcecode.c.h; path = FMResultSet.h; sourceTree = "<group>"; };
		A4765B47153C27C200975400 /* FMDatabaseQueue.m */ = {isa = PBXFileReference; fileEncoding = 4; lastKnownFileType = sourcecode.c.objc; path = FMDatabaseQueue.m; sourceTree = "<group>"; };
		A4765B48153C27C200975400 /* FMDatabaseQueue.h */ = {isa = PBXFileReference; fileEncoding = 4; lastKnownFileType = sourcecode.c.h; path = FMDatabaseQueue.h; sourceTree = "<group>"; };
		A4765B49153C27C200975400 /* FMDatabasePool.m */ = {isa = PBXFileReference; fileEncoding = 4; lastKnownFileType = sourcecode.c.objc; path = FMDatabasePool.m; sourceTree = "<group>"; };
		A4765B4A153C27C200975400 /* FMDatabasePool.h */ = {isa = PBXFileReference; fileEncoding = 4; lastKnownFileType = sourcecode.c.h; path = FMDatabasePool.h; sourceTree = "<group>"; };
		A4765B4B153C27C200975400 /* FMDatabaseAdditions.m */ = {isa = PBXFileReference; fileEncoding = 4; lastKnownFileType = sourcecode.c.objc; path = FMDatabaseAdditions.m; sourceTree = "<group>"; };
		A4765B4C153C27C200975400 /* FMDatabaseAdditions.h */ = {isa = PBXFileReference; fileEncoding = 4; lastKnownFileType = sourcecode.c.h; path = FMDatabaseAdditions.h; sourceTree = "<group>"; };
		A4765B4D153C27C200975400 /* FMDatabase.m */ = {isa = PBXFileReference; fileEncoding = 4; lastKnownFileType = sourcecode.c.objc; path = FMDatabase.m; sourceTree = "<group>"; };
		A4765B4E153C27C200975400 /* FMDatabase.h */ = {isa = PBXFileReference; fileEncoding = 4; lastKnownFileType = sourcecode.c.h; path = FMDatabase.h; sourceTree = "<group>"; };
		A4765B54153C281A00975400 /* libsqlite3.0.dylib */ = {isa = PBXFileReference; lastKnownFileType = "compiled.mach-o.dylib"; name = libsqlite3.0.dylib; path = usr/lib/libsqlite3.0.dylib; sourceTree = SDKROOT; };
		A4765B5A153C2B3500975400 /* icon.png */ = {isa = PBXFileReference; lastKnownFileType = image.png; path = icon.png; sourceTree = "<group>"; };
		A4D80826153FF41F00B1BECD /* ShowDataviewController.h */ = {isa = PBXFileReference; fileEncoding = 4; lastKnownFileType = sourcecode.c.h; path = ShowDataviewController.h; sourceTree = "<group>"; };
		A4D80827153FF41F00B1BECD /* ShowDataviewController.m */ = {isa = PBXFileReference; fileEncoding = 4; lastKnownFileType = sourcecode.c.objc; path = ShowDataviewController.m; sourceTree = "<group>"; };
		A4DF3701153EE8D90029FDE5 /* InsertViewController.h */ = {isa = PBXFileReference; fileEncoding = 4; lastKnownFileType = sourcecode.c.h; path = InsertViewController.h; sourceTree = "<group>"; };
		A4DF3702153EE8D90029FDE5 /* InsertViewController.m */ = {isa = PBXFileReference; fileEncoding = 4; lastKnownFileType = sourcecode.c.objc; path = InsertViewController.m; sourceTree = "<group>"; };
		A4DF3705153EE8FC0029FDE5 /* UPdateViewController.h */ = {isa = PBXFileReference; fileEncoding = 4; lastKnownFileType = sourcecode.c.h; path = UPdateViewController.h; sourceTree = "<group>"; };
		A4DF3706153EE8FC0029FDE5 /* UPdateViewController.m */ = {isa = PBXFileReference; fileEncoding = 4; lastKnownFileType = sourcecode.c.objc; path = UPdateViewController.m; sourceTree = "<group>"; };
		A4DF3708153EE9140029FDE5 /* DeleteViewController.h */ = {isa = PBXFileReference; fileEncoding = 4; lastKnownFileType = sourcecode.c.h; path = DeleteViewController.h; sourceTree = "<group>"; };
		A4DF3709153EE9140029FDE5 /* DeleteViewController.m */ = {isa = PBXFileReference; fileEncoding = 4; lastKnownFileType = sourcecode.c.objc; path = DeleteViewController.m; sourceTree = "<group>"; };
/* End PBXFileReference section */

/* Begin PBXFrameworksBuildPhase section */
		A4765B1B153C271300975400 /* Frameworks */ = {
			isa = PBXFrameworksBuildPhase;
			buildActionMask = 2147483647;
			files = (
				A4765B55153C281A00975400 /* libsqlite3.0.dylib in Frameworks */,
				A4765B23153C271300975400 /* UIKit.framework in Frameworks */,
				A4765B25153C271300975400 /* Foundation.framework in Frameworks */,
				A4765B27153C271300975400 /* CoreGraphics.framework in Frameworks */,
			);
			runOnlyForDeploymentPostprocessing = 0;
		};
/* End PBXFrameworksBuildPhase section */

/* Begin PBXGroup section */
		A4765B13153C271300975400 = {
			isa = PBXGroup;
			children = (
				A4765B5A153C2B3500975400 /* icon.png */,
				A4765B54153C281A00975400 /* libsqlite3.0.dylib */,
				A4765B28153C271300975400 /* FMDB_Test */,
				A4765B21153C271300975400 /* Frameworks */,
				A4765B1F153C271300975400 /* Products */,
			);
			sourceTree = "<group>";
		};
		A4765B1F153C271300975400 /* Products */ = {
			isa = PBXGroup;
			children = (
				A4765B1E153C271300975400 /* FMDB_Test.app */,
			);
			name = Products;
			sourceTree = "<group>";
		};
		A4765B21153C271300975400 /* Frameworks */ = {
			isa = PBXGroup;
			children = (
				A4765B22153C271300975400 /* UIKit.framework */,
				A4765B24153C271300975400 /* Foundation.framework */,
				A4765B26153C271300975400 /* CoreGraphics.framework */,
			);
			name = Frameworks;
			sourceTree = "<group>";
		};
		A4765B28153C271300975400 /* FMDB_Test */ = {
			isa = PBXGroup;
			children = (
				A4765B44153C27A500975400 /* FMDB Library */,
				A4765B31153C271300975400 /* AppDelegate.h */,
				A4765B32153C271300975400 /* AppDelegate.m */,
				A4DF3701153EE8D90029FDE5 /* InsertViewController.h */,
				A4DF3702153EE8D90029FDE5 /* InsertViewController.m */,
				A4D80826153FF41F00B1BECD /* ShowDataviewController.h */,
				A4D80827153FF41F00B1BECD /* ShowDataviewController.m */,
				A4DF3705153EE8FC0029FDE5 /* UPdateViewController.h */,
				A4DF3706153EE8FC0029FDE5 /* UPdateViewController.m */,
				A4DF3708153EE9140029FDE5 /* DeleteViewController.h */,
				A4DF3709153EE9140029FDE5 /* DeleteViewController.m */,
				A4765B29153C271300975400 /* Supporting Files */,
			);
			path = FMDB_Test;
			sourceTree = "<group>";
		};
		A4765B29153C271300975400 /* Supporting Files */ = {
			isa = PBXGroup;
			children = (
				A4765B2A153C271300975400 /* FMDB_Test-Info.plist */,
				A4765B2B153C271300975400 /* InfoPlist.strings */,
				A4765B2E153C271300975400 /* main.m */,
				A4765B30153C271300975400 /* FMDB_Test-Prefix.pch */,
			);
			name = "Supporting Files";
			sourceTree = "<group>";
		};
		A4765B44153C27A500975400 /* FMDB Library */ = {
			isa = PBXGroup;
			children = (
				A4765B45153C27C200975400 /* FMResultSet.m */,
				A4765B46153C27C200975400 /* FMResultSet.h */,
				A4765B47153C27C200975400 /* FMDatabaseQueue.m */,
				A4765B48153C27C200975400 /* FMDatabaseQueue.h */,
				A4765B49153C27C200975400 /* FMDatabasePool.m */,
				A4765B4A153C27C200975400 /* FMDatabasePool.h */,
				A4765B4B153C27C200975400 /* FMDatabaseAdditions.m */,
				A4765B4C153C27C200975400 /* FMDatabaseAdditions.h */,
				A4765B4D153C27C200975400 /* FMDatabase.m */,
				A4765B4E153C27C200975400 /* FMDatabase.h */,
			);
			name = "FMDB Library";
			sourceTree = "<group>";
		};
/* End PBXGroup section */

/* Begin PBXNativeTarget section */
		A4765B1D153C271300975400 /* FMDB_Test */ = {
			isa = PBXNativeTarget;
			buildConfigurationList = A4765B3C153C271300975400 /* Build configuration list for PBXNativeTarget "FMDB_Test" */;
			buildPhases = (
				A4765B1A153C271300975400 /* Sources */,
				A4765B1B153C271300975400 /* Frameworks */,
				A4765B1C153C271300975400 /* Resources */,
			);
			buildRules = (
			);
			dependencies = (
			);
			name = FMDB_Test;
			productName = FMDB_Test;
			productReference = A4765B1E153C271300975400 /* FMDB_Test.app */;
			productType = "com.apple.product-type.application";
		};
/* End PBXNativeTarget section */

/* Begin PBXProject section */
		A4765B15153C271300975400 /* Project object */ = {
			isa = PBXProject;
			attributes = {
				LastUpgradeCheck = 0420;
			};
			buildConfigurationList = A4765B18153C271300975400 /* Build configuration list for PBXProject "FMDB_Test" */;
			compatibilityVersion = "Xcode 3.2";
			developmentRegion = English;
			hasScannedForEncodings = 0;
			knownRegions = (
				en,
			);
			mainGroup = A4765B13153C271300975400;
			productRefGroup = A4765B1F153C271300975400 /* Products */;
			projectDirPath = "";
			projectRoot = "";
			targets = (
				A4765B1D153C271300975400 /* FMDB_Test */,
			);
		};
/* End PBXProject section */

/* Begin PBXResourcesBuildPhase section */
		A4765B1C153C271300975400 /* Resources */ = {
			isa = PBXResourcesBuildPhase;
			buildActionMask = 2147483647;
			files = (
				A4765B2D153C271300975400 /* InfoPlist.strings in Resources */,
				A4765B5B153C2B3500975400 /* icon.png in Resources */,
			);
			runOnlyForDeploymentPostprocessing = 0;
		};
/* End PBXResourcesBuildPhase section */

/* Begin PBXSourcesBuildPhase section */
		A4765B1A153C271300975400 /* Sources */ = {
			isa = PBXSourcesBuildPhase;
			buildActionMask = 2147483647;
			files = (
				A4765B2F153C271300975400 /* main.m in Sources */,
				A4765B33153C271300975400 /* AppDelegate.m in Sources */,
				A4765B4F153C27C200975400 /* FMResultSet.m in Sources */,
				A4765B50153C27C200975400 /* FMDatabaseQueue.m in Sources */,
				A4765B51153C27C200975400 /* FMDatabasePool.m in Sources */,
				A4765B52153C27C200975400 /* FMDatabaseAdditions.m in Sources */,
				A4765B53153C27C200975400 /* FMDatabase.m in Sources */,
				A4DF3703153EE8D90029FDE5 /* InsertViewController.m in Sources */,
				A4DF3707153EE8FC0029FDE5 /* UPdateViewController.m in Sources */,
				A4DF370A153EE9140029FDE5 /* DeleteViewController.m in Sources */,
				A4D80828153FF41F00B1BECD /* ShowDataviewController.m in Sources */,
			);
			runOnlyForDeploymentPostprocessing = 0;
		};
/* End PBXSourcesBuildPhase section */

/* Begin PBXVariantGroup section */
		A4765B2B153C271300975400 /* InfoPlist.strings */ = {
			isa = PBXVariantGroup;
			children = (
				A4765B2C153C271300975400 /* en */,
			);
			name = InfoPlist.strings;
			sourceTree = "<group>";
		};
/* End PBXVariantGroup section */

/* Begin XCBuildConfiguration section */
		A4765B3A153C271300975400 /* Debug */ = {
			isa = XCBuildConfiguration;
			buildSettings = {
				ALWAYS_SEARCH_USER_PATHS = NO;
				ARCHS = "$(ARCHS_STANDARD_32_BIT)";
				CODE_SIGN_IDENTITY = "iPhone Developer: Mukund Balasubramanian (JJ5TQ44E7M)";
				"CODE_SIGN_IDENTITY[sdk=iphoneos*]" = "iPhone Developer: Mukund Balasubramanian (JJ5TQ44E7M)";
				COPY_PHASE_STRIP = NO;
				GCC_C_LANGUAGE_STANDARD = gnu99;
				GCC_DYNAMIC_NO_PIC = NO;
				GCC_OPTIMIZATION_LEVEL = 0;
				GCC_PREPROCESSOR_DEFINITIONS = (
					"DEBUG=1",
					"$(inherited)",
				);
				GCC_SYMBOLS_PRIVATE_EXTERN = NO;
				GCC_VERSION = com.apple.compilers.llvm.clang.1_0;
				GCC_WARN_ABOUT_MISSING_PROTOTYPES = YES;
				GCC_WARN_ABOUT_RETURN_TYPE = YES;
				GCC_WARN_UNUSED_VARIABLE = YES;
				IPHONEOS_DEPLOYMENT_TARGET = 5.0;
				PROVISIONING_PROFILE = "454172C6-1B2D-4F89-B680-5FB5781DE2AF";
				"PROVISIONING_PROFILE[sdk=iphoneos*]" = "454172C6-1B2D-4F89-B680-5FB5781DE2AF";
				SDKROOT = iphoneos;
			};
			name = Debug;
		};
		A4765B3B153C271300975400 /* Release */ = {
			isa = XCBuildConfiguration;
			buildSettings = {
				ALWAYS_SEARCH_USER_PATHS = NO;
				ARCHS = "$(ARCHS_STANDARD_32_BIT)";
				CODE_SIGN_IDENTITY = "iPhone Developer: Mukund Balasubramanian (JJ5TQ44E7M)";
				"CODE_SIGN_IDENTITY[sdk=iphoneos*]" = "iPhone Developer: Mukund Balasubramanian (JJ5TQ44E7M)";
				COPY_PHASE_STRIP = YES;
				GCC_C_LANGUAGE_STANDARD = gnu99;
				GCC_VERSION = com.apple.compilers.llvm.clang.1_0;
				GCC_WARN_ABOUT_MISSING_PROTOTYPES = YES;
				GCC_WARN_ABOUT_RETURN_TYPE = YES;
				GCC_WARN_UNUSED_VARIABLE = YES;
				IPHONEOS_DEPLOYMENT_TARGET = 5.0;
				OTHER_CFLAGS = "-DNS_BLOCK_ASSERTIONS=1";
				PROVISIONING_PROFILE = "454172C6-1B2D-4F89-B680-5FB5781DE2AF";
				"PROVISIONING_PROFILE[sdk=iphoneos*]" = "454172C6-1B2D-4F89-B680-5FB5781DE2AF";
				SDKROOT = iphoneos;
				VALIDATE_PRODUCT = YES;
			};
			name = Release;
		};
		A4765B3D153C271300975400 /* Debug */ = {
			isa = XCBuildConfiguration;
			buildSettings = {
				GCC_PRECOMPILE_PREFIX_HEADER = YES;
				GCC_PREFIX_HEADER = "FMDB_Test/FMDB_Test-Prefix.pch";
				INFOPLIST_FILE = "FMDB_Test/FMDB_Test-Info.plist";
				PRODUCT_NAME = "$(TARGET_NAME)";
				WRAPPER_EXTENSION = app;
			};
			name = Debug;
		};
		A4765B3E153C271300975400 /* Release */ = {
			isa = XCBuildConfiguration;
			buildSettings = {
				GCC_PRECOMPILE_PREFIX_HEADER = YES;
				GCC_PREFIX_HEADER = "FMDB_Test/FMDB_Test-Prefix.pch";
				INFOPLIST_FILE = "FMDB_Test/FMDB_Test-Info.plist";
				PRODUCT_NAME = "$(TARGET_NAME)";
				WRAPPER_EXTENSION = app;
			};
			name = Release;
		};
/* End XCBuildConfiguration section */

/* Begin XCConfigurationList section */
		A4765B18153C271300975400 /* Build configuration list for PBXProject "FMDB_Test" */ = {
			isa = XCConfigurationList;
			buildConfigurations = (
				A4765B3A153C271300975400 /* Debug */,
				A4765B3B153C271300975400 /* Release */,
			);
			defaultConfigurationIsVisible = 0;
			defaultConfigurationName = Release;
		};
		A4765B3C153C271300975400 /* Build configuration list for PBXNativeTarget "FMDB_Test" */ = {
			isa = XCConfigurationList;
			buildConfigurations = (
				A4765B3D153C271300975400 /* Debug */,
				A4765B3E153C271300975400 /* Release */,
			);
			defaultConfigurationIsVisible = 0;
			defaultConfigurationName = Release;
		};
/* End XCConfigurationList section */
	};
	rootObject = A4765B15153C271300975400 /* Project object */;
}
